// !$*UTF8*$!
{
	archiveVersion = 1;
	classes = {
	};
	objectVersion = 55;
	objects = {

/* Begin PBXBuildFile section */
		E91AA6A42861D34A00EFFCC7 /* CustomTextView.swift in Sources */ = {isa = PBXBuildFile; fileRef = E91AA6A32861D34A00EFFCC7 /* CustomTextView.swift */; };
		E91AA6A8286212B500EFFCC7 /* NewsDTO.swift in Sources */ = {isa = PBXBuildFile; fileRef = E91AA6A7286212B500EFFCC7 /* NewsDTO.swift */; };
		E91AA6AA2862140100EFFCC7 /* NetworkService.swift in Sources */ = {isa = PBXBuildFile; fileRef = E91AA6A92862140100EFFCC7 /* NetworkService.swift */; };
		E91AA6AF28621A2700EFFCC7 /* HomePresenter.swift in Sources */ = {isa = PBXBuildFile; fileRef = E91AA6AE28621A2700EFFCC7 /* HomePresenter.swift */; };
		E91AA6B128621A3000EFFCC7 /* HomeModel.swift in Sources */ = {isa = PBXBuildFile; fileRef = E91AA6B028621A3000EFFCC7 /* HomeModel.swift */; };
		E91AA6B328621A5300EFFCC7 /* HomeModuleAssembly.swift in Sources */ = {isa = PBXBuildFile; fileRef = E91AA6B228621A5300EFFCC7 /* HomeModuleAssembly.swift */; };
		E91AA6B828621E8300EFFCC7 /* DataBaseService.swift in Sources */ = {isa = PBXBuildFile; fileRef = E91AA6B728621E8300EFFCC7 /* DataBaseService.swift */; };
		E91AA6BD2862210900EFFCC7 /* Category.swift in Sources */ = {isa = PBXBuildFile; fileRef = E91AA6BC2862210900EFFCC7 /* Category.swift */; };
		E91AA6C0286224D600EFFCC7 /* DateConverter.swift in Sources */ = {isa = PBXBuildFile; fileRef = E91AA6BF286224D600EFFCC7 /* DateConverter.swift */; };
		E91AA6C22862287600EFFCC7 /* HomeDataSource.swift in Sources */ = {isa = PBXBuildFile; fileRef = E91AA6C12862287600EFFCC7 /* HomeDataSource.swift */; };
		E92F1AA82862E17E00C58DA7 /* NotificationCenterExtension.swift in Sources */ = {isa = PBXBuildFile; fileRef = E92F1AA72862E17E00C58DA7 /* NotificationCenterExtension.swift */; };
		E92F1AAB28630BF200C58DA7 /* DetailPresenter.swift in Sources */ = {isa = PBXBuildFile; fileRef = E92F1AAA28630BF200C58DA7 /* DetailPresenter.swift */; };
		E92F1AAD28630C0100C58DA7 /* DetailModuleAssembly.swift in Sources */ = {isa = PBXBuildFile; fileRef = E92F1AAC28630C0100C58DA7 /* DetailModuleAssembly.swift */; };
		E92F1AAF2863106000C58DA7 /* DetailModel.swift in Sources */ = {isa = PBXBuildFile; fileRef = E92F1AAE2863106000C58DA7 /* DetailModel.swift */; };
		E92F1AB4286327D800C58DA7 /* FavoriteViewController.swift in Sources */ = {isa = PBXBuildFile; fileRef = E92F1AB3286327D800C58DA7 /* FavoriteViewController.swift */; };
		E92F1AB7286328F000C58DA7 /* FavoriteDataSource.swift in Sources */ = {isa = PBXBuildFile; fileRef = E92F1AB6286328F000C58DA7 /* FavoriteDataSource.swift */; };
		E95D299328635E1800B76622 /* FileManagerService.swift in Sources */ = {isa = PBXBuildFile; fileRef = E95D299228635E1800B76622 /* FileManagerService.swift */; };
		E95D299A286380EA00B76622 /* FavoriteModel.swift in Sources */ = {isa = PBXBuildFile; fileRef = E95D2999286380EA00B76622 /* FavoriteModel.swift */; };
		E95D299C286386A400B76622 /* FavoritePresenter.swift in Sources */ = {isa = PBXBuildFile; fileRef = E95D299B286386A400B76622 /* FavoritePresenter.swift */; };
		E95D29A028638F6100B76622 /* Router.swift in Sources */ = {isa = PBXBuildFile; fileRef = E95D299F28638F6100B76622 /* Router.swift */; };
		E95D29A228638FE800B76622 /* FavoriteModuleAssembly.swift in Sources */ = {isa = PBXBuildFile; fileRef = E95D29A128638FE800B76622 /* FavoriteModuleAssembly.swift */; };
		E95D29A928644BC800B76622 /* NewMO+CoreDataClass.swift in Sources */ = {isa = PBXBuildFile; fileRef = E95D29A728644BC800B76622 /* NewMO+CoreDataClass.swift */; };
		E95D29AA28644BC800B76622 /* NewMO+CoreDataProperties.swift in Sources */ = {isa = PBXBuildFile; fileRef = E95D29A828644BC800B76622 /* NewMO+CoreDataProperties.swift */; };
		E9E2DB712860C07000AC8273 /* HomeViewController.swift in Sources */ = {isa = PBXBuildFile; fileRef = E9E2DB702860C07000AC8273 /* HomeViewController.swift */; };
		E9E2DB732860C09600AC8273 /* CustomView.swift in Sources */ = {isa = PBXBuildFile; fileRef = E9E2DB722860C09600AC8273 /* CustomView.swift */; };
		E9E2DB752860E60D00AC8273 /* CustomTextFiled.swift in Sources */ = {isa = PBXBuildFile; fileRef = E9E2DB742860E60D00AC8273 /* CustomTextFiled.swift */; };
		E9E2DB772860ECA700AC8273 /* HorizontalFilterCollectionView.swift in Sources */ = {isa = PBXBuildFile; fileRef = E9E2DB762860ECA700AC8273 /* HorizontalFilterCollectionView.swift */; };
		E9E2DB792860F30400AC8273 /* HorizontalFilterCollectionViewCell.swift in Sources */ = {isa = PBXBuildFile; fileRef = E9E2DB782860F30400AC8273 /* HorizontalFilterCollectionViewCell.swift */; };
		E9E2DB7C286178BF00AC8273 /* Colors.swift in Sources */ = {isa = PBXBuildFile; fileRef = E9E2DB7B286178BF00AC8273 /* Colors.swift */; };
		E9E2DB8428617E5600AC8273 /* Nunito-SemiBold.ttf in Resources */ = {isa = PBXBuildFile; fileRef = E9E2DB7E28617E5600AC8273 /* Nunito-SemiBold.ttf */; };
		E9E2DB8528617E5600AC8273 /* Nunito-Black.ttf in Resources */ = {isa = PBXBuildFile; fileRef = E9E2DB7F28617E5600AC8273 /* Nunito-Black.ttf */; };
		E9E2DB8628617E5600AC8273 /* Nunito-Bold.ttf in Resources */ = {isa = PBXBuildFile; fileRef = E9E2DB8028617E5600AC8273 /* Nunito-Bold.ttf */; };
		E9E2DB8728617E5600AC8273 /* Nunito-Light.ttf in Resources */ = {isa = PBXBuildFile; fileRef = E9E2DB8128617E5600AC8273 /* Nunito-Light.ttf */; };
		E9E2DB8828617E5600AC8273 /* Nunito-ExtraBold.ttf in Resources */ = {isa = PBXBuildFile; fileRef = E9E2DB8228617E5600AC8273 /* Nunito-ExtraBold.ttf */; };
		E9E2DB8928617E5600AC8273 /* Nunito-Regular.ttf in Resources */ = {isa = PBXBuildFile; fileRef = E9E2DB8328617E5600AC8273 /* Nunito-Regular.ttf */; };
		E9E2DB8B28617ED900AC8273 /* AppFonts.swift in Sources */ = {isa = PBXBuildFile; fileRef = E9E2DB8A28617ED900AC8273 /* AppFonts.swift */; };
		E9E2DB8F286186B900AC8273 /* TableViewCell.swift in Sources */ = {isa = PBXBuildFile; fileRef = E9E2DB8E286186B900AC8273 /* TableViewCell.swift */; };
		E9E2DB9128618A0E00AC8273 /* Assets.swift in Sources */ = {isa = PBXBuildFile; fileRef = E9E2DB9028618A0E00AC8273 /* Assets.swift */; };
		E9E2DB932861AE0400AC8273 /* CustomTabBarController.swift in Sources */ = {isa = PBXBuildFile; fileRef = E9E2DB922861AE0400AC8273 /* CustomTabBarController.swift */; };
		E9E2DB962861BBD600AC8273 /* DetailViewController.swift in Sources */ = {isa = PBXBuildFile; fileRef = E9E2DB952861BBD600AC8273 /* DetailViewController.swift */; };
		E9E2DB982861BBF000AC8273 /* DetailView.swift in Sources */ = {isa = PBXBuildFile; fileRef = E9E2DB972861BBF000AC8273 /* DetailView.swift */; };
		E9E2DB9A2861BD0C00AC8273 /* HeaderView.swift in Sources */ = {isa = PBXBuildFile; fileRef = E9E2DB992861BD0C00AC8273 /* HeaderView.swift */; };
		E9E5B8FA2860BB1700631E23 /* AppDelegate.swift in Sources */ = {isa = PBXBuildFile; fileRef = E9E5B8F92860BB1700631E23 /* AppDelegate.swift */; };
		E9E5B8FC2860BB1700631E23 /* SceneDelegate.swift in Sources */ = {isa = PBXBuildFile; fileRef = E9E5B8FB2860BB1700631E23 /* SceneDelegate.swift */; };
		E9E5B9042860BB1700631E23 /* News_App.xcdatamodeld in Sources */ = {isa = PBXBuildFile; fileRef = E9E5B9022860BB1700631E23 /* News_App.xcdatamodeld */; };
		E9E5B9062860BB1800631E23 /* Assets.xcassets in Resources */ = {isa = PBXBuildFile; fileRef = E9E5B9052860BB1800631E23 /* Assets.xcassets */; };
		E9E5B9092860BB1800631E23 /* LaunchScreen.storyboard in Resources */ = {isa = PBXBuildFile; fileRef = E9E5B9072860BB1800631E23 /* LaunchScreen.storyboard */; };
		E9E5B9122860BC5A00631E23 /* BaseViewController.swift in Sources */ = {isa = PBXBuildFile; fileRef = E9E5B9112860BC5A00631E23 /* BaseViewController.swift */; };
/* End PBXBuildFile section */

/* Begin PBXFileReference section */
		E91AA6A32861D34A00EFFCC7 /* CustomTextView.swift */ = {isa = PBXFileReference; lastKnownFileType = sourcecode.swift; path = CustomTextView.swift; sourceTree = "<group>"; };
		E91AA6A7286212B500EFFCC7 /* NewsDTO.swift */ = {isa = PBXFileReference; lastKnownFileType = sourcecode.swift; path = NewsDTO.swift; sourceTree = "<group>"; };
		E91AA6A92862140100EFFCC7 /* NetworkService.swift */ = {isa = PBXFileReference; lastKnownFileType = sourcecode.swift; path = NetworkService.swift; sourceTree = "<group>"; };
		E91AA6AE28621A2700EFFCC7 /* HomePresenter.swift */ = {isa = PBXFileReference; lastKnownFileType = sourcecode.swift; path = HomePresenter.swift; sourceTree = "<group>"; };
		E91AA6B028621A3000EFFCC7 /* HomeModel.swift */ = {isa = PBXFileReference; lastKnownFileType = sourcecode.swift; path = HomeModel.swift; sourceTree = "<group>"; };
		E91AA6B228621A5300EFFCC7 /* HomeModuleAssembly.swift */ = {isa = PBXFileReference; lastKnownFileType = sourcecode.swift; path = HomeModuleAssembly.swift; sourceTree = "<group>"; };
		E91AA6B728621E8300EFFCC7 /* DataBaseService.swift */ = {isa = PBXFileReference; lastKnownFileType = sourcecode.swift; path = DataBaseService.swift; sourceTree = "<group>"; };
		E91AA6BC2862210900EFFCC7 /* Category.swift */ = {isa = PBXFileReference; lastKnownFileType = sourcecode.swift; path = Category.swift; sourceTree = "<group>"; };
		E91AA6BF286224D600EFFCC7 /* DateConverter.swift */ = {isa = PBXFileReference; lastKnownFileType = sourcecode.swift; path = DateConverter.swift; sourceTree = "<group>"; };
		E91AA6C12862287600EFFCC7 /* HomeDataSource.swift */ = {isa = PBXFileReference; lastKnownFileType = sourcecode.swift; path = HomeDataSource.swift; sourceTree = "<group>"; };
		E92F1AA72862E17E00C58DA7 /* NotificationCenterExtension.swift */ = {isa = PBXFileReference; lastKnownFileType = sourcecode.swift; path = NotificationCenterExtension.swift; sourceTree = "<group>"; };
		E92F1AAA28630BF200C58DA7 /* DetailPresenter.swift */ = {isa = PBXFileReference; lastKnownFileType = sourcecode.swift; path = DetailPresenter.swift; sourceTree = "<group>"; };
		E92F1AAC28630C0100C58DA7 /* DetailModuleAssembly.swift */ = {isa = PBXFileReference; lastKnownFileType = sourcecode.swift; path = DetailModuleAssembly.swift; sourceTree = "<group>"; };
		E92F1AAE2863106000C58DA7 /* DetailModel.swift */ = {isa = PBXFileReference; lastKnownFileType = sourcecode.swift; path = DetailModel.swift; sourceTree = "<group>"; };
		E92F1AB3286327D800C58DA7 /* FavoriteViewController.swift */ = {isa = PBXFileReference; lastKnownFileType = sourcecode.swift; path = FavoriteViewController.swift; sourceTree = "<group>"; };
		E92F1AB6286328F000C58DA7 /* FavoriteDataSource.swift */ = {isa = PBXFileReference; lastKnownFileType = sourcecode.swift; path = FavoriteDataSource.swift; sourceTree = "<group>"; };
		E95D299228635E1800B76622 /* FileManagerService.swift */ = {isa = PBXFileReference; lastKnownFileType = sourcecode.swift; path = FileManagerService.swift; sourceTree = "<group>"; };
		E95D2999286380EA00B76622 /* FavoriteModel.swift */ = {isa = PBXFileReference; lastKnownFileType = sourcecode.swift; path = FavoriteModel.swift; sourceTree = "<group>"; };
		E95D299B286386A400B76622 /* FavoritePresenter.swift */ = {isa = PBXFileReference; lastKnownFileType = sourcecode.swift; path = FavoritePresenter.swift; sourceTree = "<group>"; };
		E95D299F28638F6100B76622 /* Router.swift */ = {isa = PBXFileReference; lastKnownFileType = sourcecode.swift; path = Router.swift; sourceTree = "<group>"; };
		E95D29A128638FE800B76622 /* FavoriteModuleAssembly.swift */ = {isa = PBXFileReference; lastKnownFileType = sourcecode.swift; path = FavoriteModuleAssembly.swift; sourceTree = "<group>"; };
		E95D29A728644BC800B76622 /* NewMO+CoreDataClass.swift */ = {isa = PBXFileReference; lastKnownFileType = sourcecode.swift; path = "NewMO+CoreDataClass.swift"; sourceTree = "<group>"; };
		E95D29A828644BC800B76622 /* NewMO+CoreDataProperties.swift */ = {isa = PBXFileReference; lastKnownFileType = sourcecode.swift; path = "NewMO+CoreDataProperties.swift"; sourceTree = "<group>"; };
		E9E2DB702860C07000AC8273 /* HomeViewController.swift */ = {isa = PBXFileReference; lastKnownFileType = sourcecode.swift; path = HomeViewController.swift; sourceTree = "<group>"; };
		E9E2DB722860C09600AC8273 /* CustomView.swift */ = {isa = PBXFileReference; lastKnownFileType = sourcecode.swift; path = CustomView.swift; sourceTree = "<group>"; };
		E9E2DB742860E60D00AC8273 /* CustomTextFiled.swift */ = {isa = PBXFileReference; lastKnownFileType = sourcecode.swift; path = CustomTextFiled.swift; sourceTree = "<group>"; };
		E9E2DB762860ECA700AC8273 /* HorizontalFilterCollectionView.swift */ = {isa = PBXFileReference; lastKnownFileType = sourcecode.swift; path = HorizontalFilterCollectionView.swift; sourceTree = "<group>"; };
		E9E2DB782860F30400AC8273 /* HorizontalFilterCollectionViewCell.swift */ = {isa = PBXFileReference; lastKnownFileType = sourcecode.swift; path = HorizontalFilterCollectionViewCell.swift; sourceTree = "<group>"; };
		E9E2DB7B286178BF00AC8273 /* Colors.swift */ = {isa = PBXFileReference; lastKnownFileType = sourcecode.swift; path = Colors.swift; sourceTree = "<group>"; };
		E9E2DB7E28617E5600AC8273 /* Nunito-SemiBold.ttf */ = {isa = PBXFileReference; lastKnownFileType = file; path = "Nunito-SemiBold.ttf"; sourceTree = "<group>"; };
		E9E2DB7F28617E5600AC8273 /* Nunito-Black.ttf */ = {isa = PBXFileReference; lastKnownFileType = file; path = "Nunito-Black.ttf"; sourceTree = "<group>"; };
		E9E2DB8028617E5600AC8273 /* Nunito-Bold.ttf */ = {isa = PBXFileReference; lastKnownFileType = file; path = "Nunito-Bold.ttf"; sourceTree = "<group>"; };
		E9E2DB8128617E5600AC8273 /* Nunito-Light.ttf */ = {isa = PBXFileReference; lastKnownFileType = file; path = "Nunito-Light.ttf"; sourceTree = "<group>"; };
		E9E2DB8228617E5600AC8273 /* Nunito-ExtraBold.ttf */ = {isa = PBXFileReference; lastKnownFileType = file; path = "Nunito-ExtraBold.ttf"; sourceTree = "<group>"; };
		E9E2DB8328617E5600AC8273 /* Nunito-Regular.ttf */ = {isa = PBXFileReference; lastKnownFileType = file; path = "Nunito-Regular.ttf"; sourceTree = "<group>"; };
		E9E2DB8A28617ED900AC8273 /* AppFonts.swift */ = {isa = PBXFileReference; lastKnownFileType = sourcecode.swift; path = AppFonts.swift; sourceTree = "<group>"; };
		E9E2DB8C286182F800AC8273 /* NewYorkSmall-Semibold.otf */ = {isa = PBXFileReference; lastKnownFileType = file; path = "NewYorkSmall-Semibold.otf"; sourceTree = "<group>"; };
		E9E2DB8D286182F800AC8273 /* NewYorkSmall-Bold.otf */ = {isa = PBXFileReference; lastKnownFileType = file; path = "NewYorkSmall-Bold.otf"; sourceTree = "<group>"; };
		E9E2DB8E286186B900AC8273 /* TableViewCell.swift */ = {isa = PBXFileReference; lastKnownFileType = sourcecode.swift; path = TableViewCell.swift; sourceTree = "<group>"; };
		E9E2DB9028618A0E00AC8273 /* Assets.swift */ = {isa = PBXFileReference; lastKnownFileType = sourcecode.swift; path = Assets.swift; sourceTree = "<group>"; };
		E9E2DB922861AE0400AC8273 /* CustomTabBarController.swift */ = {isa = PBXFileReference; lastKnownFileType = sourcecode.swift; path = CustomTabBarController.swift; sourceTree = "<group>"; };
		E9E2DB952861BBD600AC8273 /* DetailViewController.swift */ = {isa = PBXFileReference; lastKnownFileType = sourcecode.swift; path = DetailViewController.swift; sourceTree = "<group>"; };
		E9E2DB972861BBF000AC8273 /* DetailView.swift */ = {isa = PBXFileReference; lastKnownFileType = sourcecode.swift; path = DetailView.swift; sourceTree = "<group>"; };
		E9E2DB992861BD0C00AC8273 /* HeaderView.swift */ = {isa = PBXFileReference; lastKnownFileType = sourcecode.swift; path = HeaderView.swift; sourceTree = "<group>"; };
		E9E5B8F62860BB1700631E23 /* News App.app */ = {isa = PBXFileReference; explicitFileType = wrapper.application; includeInIndex = 0; path = "News App.app"; sourceTree = BUILT_PRODUCTS_DIR; };
		E9E5B8F92860BB1700631E23 /* AppDelegate.swift */ = {isa = PBXFileReference; lastKnownFileType = sourcecode.swift; path = AppDelegate.swift; sourceTree = "<group>"; };
		E9E5B8FB2860BB1700631E23 /* SceneDelegate.swift */ = {isa = PBXFileReference; lastKnownFileType = sourcecode.swift; path = SceneDelegate.swift; sourceTree = "<group>"; };
		E9E5B9032860BB1700631E23 /* News_App.xcdatamodel */ = {isa = PBXFileReference; lastKnownFileType = wrapper.xcdatamodel; path = News_App.xcdatamodel; sourceTree = "<group>"; };
		E9E5B9052860BB1800631E23 /* Assets.xcassets */ = {isa = PBXFileReference; lastKnownFileType = folder.assetcatalog; path = Assets.xcassets; sourceTree = "<group>"; };
		E9E5B9082860BB1800631E23 /* Base */ = {isa = PBXFileReference; lastKnownFileType = file.storyboard; name = Base; path = Base.lproj/LaunchScreen.storyboard; sourceTree = "<group>"; };
		E9E5B90A2860BB1800631E23 /* Info.plist */ = {isa = PBXFileReference; lastKnownFileType = text.plist.xml; path = Info.plist; sourceTree = "<group>"; };
		E9E5B9112860BC5A00631E23 /* BaseViewController.swift */ = {isa = PBXFileReference; lastKnownFileType = sourcecode.swift; path = BaseViewController.swift; sourceTree = "<group>"; };
/* End PBXFileReference section */

/* Begin PBXFrameworksBuildPhase section */
		E9E5B8F32860BB1700631E23 /* Frameworks */ = {
			isa = PBXFrameworksBuildPhase;
			buildActionMask = 2147483647;
			files = (
			);
			runOnlyForDeploymentPostprocessing = 0;
		};
/* End PBXFrameworksBuildPhase section */

/* Begin PBXGroup section */
		E91AA6A528620BAF00EFFCC7 /* Services */ = {
			isa = PBXGroup;
			children = (
				E95D299128635E0100B76622 /* FileManagerService */,
				E91AA6AB2862140500EFFCC7 /* NetworkService */,
				E91AA6AC2862141700EFFCC7 /* DataBaseService */,
			);
			path = Services;
			sourceTree = "<group>";
		};
		E91AA6A628620C8500EFFCC7 /* DTO */ = {
			isa = PBXGroup;
			children = (
				E91AA6A7286212B500EFFCC7 /* NewsDTO.swift */,
			);
			path = DTO;
			sourceTree = "<group>";
		};
		E91AA6AB2862140500EFFCC7 /* NetworkService */ = {
			isa = PBXGroup;
			children = (
				E91AA6A92862140100EFFCC7 /* NetworkService.swift */,
				E91AA6A628620C8500EFFCC7 /* DTO */,
			);
			path = NetworkService;
			sourceTree = "<group>";
		};
		E91AA6AC2862141700EFFCC7 /* DataBaseService */ = {
			isa = PBXGroup;
			children = (
				E91AA6B728621E8300EFFCC7 /* DataBaseService.swift */,
				E95D299428637FA500B76622 /* Core Data Models */,
			);
			path = DataBaseService;
			sourceTree = "<group>";
		};
		E91AA6AD28621A1700EFFCC7 /* View */ = {
			isa = PBXGroup;
			children = (
				E9E2DB702860C07000AC8273 /* HomeViewController.swift */,
				E9E2DB762860ECA700AC8273 /* HorizontalFilterCollectionView.swift */,
				E9E2DB742860E60D00AC8273 /* CustomTextFiled.swift */,
				E91AA6C12862287600EFFCC7 /* HomeDataSource.swift */,
				E91AA6B628621D1B00EFFCC7 /* ViewCells */,
			);
			path = View;
			sourceTree = "<group>";
		};
		E91AA6B628621D1B00EFFCC7 /* ViewCells */ = {
			isa = PBXGroup;
			children = (
				E9E2DB782860F30400AC8273 /* HorizontalFilterCollectionViewCell.swift */,
				E9E2DB8E286186B900AC8273 /* TableViewCell.swift */,
			);
			path = ViewCells;
			sourceTree = "<group>";
		};
		E91AA6B928621EDA00EFFCC7 /* Standart Files */ = {
			isa = PBXGroup;
			children = (
				E9E5B8F92860BB1700631E23 /* AppDelegate.swift */,
				E9E5B8FB2860BB1700631E23 /* SceneDelegate.swift */,
				E9E5B9052860BB1800631E23 /* Assets.xcassets */,
				E9E5B9072860BB1800631E23 /* LaunchScreen.storyboard */,
			);
			path = "Standart Files";
			sourceTree = "<group>";
		};
		E91AA6BE286224C700EFFCC7 /* Converters */ = {
			isa = PBXGroup;
			children = (
				E91AA6BF286224D600EFFCC7 /* DateConverter.swift */,
			);
			path = Converters;
			sourceTree = "<group>";
		};
		E92F1AA62862E16000C58DA7 /* Extension */ = {
			isa = PBXGroup;
			children = (
				E92F1AA72862E17E00C58DA7 /* NotificationCenterExtension.swift */,
			);
			path = Extension;
			sourceTree = "<group>";
		};
		E92F1AA928630BD900C58DA7 /* View */ = {
			isa = PBXGroup;
			children = (
				E9E2DB952861BBD600AC8273 /* DetailViewController.swift */,
				E9E2DB972861BBF000AC8273 /* DetailView.swift */,
				E91AA6A32861D34A00EFFCC7 /* CustomTextView.swift */,
				E9E2DB992861BD0C00AC8273 /* HeaderView.swift */,
			);
			path = View;
			sourceTree = "<group>";
		};
		E92F1AB2286327A700C58DA7 /* MVPFavoriteModule */ = {
			isa = PBXGroup;
			children = (
				E95D29A128638FE800B76622 /* FavoriteModuleAssembly.swift */,
				E95D2999286380EA00B76622 /* FavoriteModel.swift */,
				E95D299B286386A400B76622 /* FavoritePresenter.swift */,
				E92F1AB5286328BF00C58DA7 /* View */,
			);
			path = MVPFavoriteModule;
			sourceTree = "<group>";
		};
		E92F1AB5286328BF00C58DA7 /* View */ = {
			isa = PBXGroup;
			children = (
				E92F1AB3286327D800C58DA7 /* FavoriteViewController.swift */,
				E92F1AB6286328F000C58DA7 /* FavoriteDataSource.swift */,
			);
			path = View;
			sourceTree = "<group>";
		};
		E95D299128635E0100B76622 /* FileManagerService */ = {
			isa = PBXGroup;
			children = (
				E95D299228635E1800B76622 /* FileManagerService.swift */,
			);
			path = FileManagerService;
			sourceTree = "<group>";
		};
		E95D299428637FA500B76622 /* Core Data Models */ = {
			isa = PBXGroup;
			children = (
				E95D29A728644BC800B76622 /* NewMO+CoreDataClass.swift */,
				E95D29A828644BC800B76622 /* NewMO+CoreDataProperties.swift */,
			);
			path = "Core Data Models";
			sourceTree = "<group>";
		};
		E95D29AB28645F4D00B76622 /* General Files */ = {
			isa = PBXGroup;
			children = (
				E9E5B9112860BC5A00631E23 /* BaseViewController.swift */,
				E9E2DB922861AE0400AC8273 /* CustomTabBarController.swift */,
				E95D299F28638F6100B76622 /* Router.swift */,
				E9E2DB722860C09600AC8273 /* CustomView.swift */,
			);
			path = "General Files";
			sourceTree = "<group>";
		};
		E9E2DB7A2861785700AC8273 /* Design System */ = {
			isa = PBXGroup;
			children = (
				E9E2DB7B286178BF00AC8273 /* Colors.swift */,
				E9E2DB7D28617DD600AC8273 /* Fonts */,
			);
			path = "Design System";
			sourceTree = "<group>";
		};
		E9E2DB7D28617DD600AC8273 /* Fonts */ = {
			isa = PBXGroup;
			children = (
				E9E2DB8A28617ED900AC8273 /* AppFonts.swift */,
				E9E2DB7F28617E5600AC8273 /* Nunito-Black.ttf */,
				E9E2DB8028617E5600AC8273 /* Nunito-Bold.ttf */,
				E9E2DB8228617E5600AC8273 /* Nunito-ExtraBold.ttf */,
				E9E2DB8128617E5600AC8273 /* Nunito-Light.ttf */,
				E9E2DB8328617E5600AC8273 /* Nunito-Regular.ttf */,
				E9E2DB7E28617E5600AC8273 /* Nunito-SemiBold.ttf */,
				E9E2DB8D286182F800AC8273 /* NewYorkSmall-Bold.otf */,
				E9E2DB8C286182F800AC8273 /* NewYorkSmall-Semibold.otf */,
			);
			path = Fonts;
			sourceTree = "<group>";
		};
		E9E2DB942861BBA800AC8273 /* MVPDetailModule */ = {
			isa = PBXGroup;
			children = (
				E92F1AAC28630C0100C58DA7 /* DetailModuleAssembly.swift */,
				E92F1AAE2863106000C58DA7 /* DetailModel.swift */,
				E92F1AAA28630BF200C58DA7 /* DetailPresenter.swift */,
				E92F1AA928630BD900C58DA7 /* View */,
			);
			path = MVPDetailModule;
			sourceTree = "<group>";
		};
		E9E5B8ED2860BB1700631E23 = {
			isa = PBXGroup;
			children = (
				E9E5B8F82860BB1700631E23 /* News App */,
				E9E5B8F72860BB1700631E23 /* Products */,
			);
			sourceTree = "<group>";
		};
		E9E5B8F72860BB1700631E23 /* Products */ = {
			isa = PBXGroup;
			children = (
				E9E5B8F62860BB1700631E23 /* News App.app */,
			);
			name = Products;
			sourceTree = "<group>";
		};
		E9E5B8F82860BB1700631E23 /* News App */ = {
			isa = PBXGroup;
			children = (
				E95D29AB28645F4D00B76622 /* General Files */,
				E9E5B9132860BCC000631E23 /* MVPHomeModule */,
				E92F1AB2286327A700C58DA7 /* MVPFavoriteModule */,
				E9E2DB942861BBA800AC8273 /* MVPDetailModule */,
				E91AA6A528620BAF00EFFCC7 /* Services */,
				E9E2DB7A2861785700AC8273 /* Design System */,
				E9E5B9102860BC2500631E23 /* Supporting Files */,
				E9E5B90A2860BB1800631E23 /* Info.plist */,
				E9E5B9022860BB1700631E23 /* News_App.xcdatamodeld */,
			);
			path = "News App";
			sourceTree = "<group>";
		};
		E9E5B9102860BC2500631E23 /* Supporting Files */ = {
			isa = PBXGroup;
			children = (
				E92F1AA62862E16000C58DA7 /* Extension */,
				E91AA6BE286224C700EFFCC7 /* Converters */,
				E91AA6B928621EDA00EFFCC7 /* Standart Files */,
				E9E2DB9028618A0E00AC8273 /* Assets.swift */,
				E91AA6BC2862210900EFFCC7 /* Category.swift */,
			);
			path = "Supporting Files";
			sourceTree = "<group>";
		};
		E9E5B9132860BCC000631E23 /* MVPHomeModule */ = {
			isa = PBXGroup;
			children = (
				E91AA6B228621A5300EFFCC7 /* HomeModuleAssembly.swift */,
				E91AA6B028621A3000EFFCC7 /* HomeModel.swift */,
				E91AA6AE28621A2700EFFCC7 /* HomePresenter.swift */,
				E91AA6AD28621A1700EFFCC7 /* View */,
			);
			path = MVPHomeModule;
			sourceTree = "<group>";
		};
/* End PBXGroup section */

/* Begin PBXNativeTarget section */
		E9E5B8F52860BB1700631E23 /* News App */ = {
			isa = PBXNativeTarget;
			buildConfigurationList = E9E5B90D2860BB1800631E23 /* Build configuration list for PBXNativeTarget "News App" */;
			buildPhases = (
				E9E5B8F22860BB1700631E23 /* Sources */,
				E9E5B8F32860BB1700631E23 /* Frameworks */,
				E9E5B8F42860BB1700631E23 /* Resources */,
			);
			buildRules = (
			);
			dependencies = (
			);
			name = "News App";
			productName = "News App";
			productReference = E9E5B8F62860BB1700631E23 /* News App.app */;
			productType = "com.apple.product-type.application";
		};
/* End PBXNativeTarget section */

/* Begin PBXProject section */
		E9E5B8EE2860BB1700631E23 /* Project object */ = {
			isa = PBXProject;
			attributes = {
				BuildIndependentTargetsInParallel = 1;
				LastSwiftUpdateCheck = 1340;
				LastUpgradeCheck = 1340;
				TargetAttributes = {
					E9E5B8F52860BB1700631E23 = {
						CreatedOnToolsVersion = 13.4;
					};
				};
			};
			buildConfigurationList = E9E5B8F12860BB1700631E23 /* Build configuration list for PBXProject "News App" */;
			compatibilityVersion = "Xcode 13.0";
			developmentRegion = en;
			hasScannedForEncodings = 0;
			knownRegions = (
				en,
				Base,
			);
			mainGroup = E9E5B8ED2860BB1700631E23;
			productRefGroup = E9E5B8F72860BB1700631E23 /* Products */;
			projectDirPath = "";
			projectRoot = "";
			targets = (
				E9E5B8F52860BB1700631E23 /* News App */,
			);
		};
/* End PBXProject section */

/* Begin PBXResourcesBuildPhase section */
		E9E5B8F42860BB1700631E23 /* Resources */ = {
			isa = PBXResourcesBuildPhase;
			buildActionMask = 2147483647;
			files = (
				E9E2DB8428617E5600AC8273 /* Nunito-SemiBold.ttf in Resources */,
				E9E2DB8628617E5600AC8273 /* Nunito-Bold.ttf in Resources */,
				E9E2DB8928617E5600AC8273 /* Nunito-Regular.ttf in Resources */,
				E9E2DB8728617E5600AC8273 /* Nunito-Light.ttf in Resources */,
				E9E5B9092860BB1800631E23 /* LaunchScreen.storyboard in Resources */,
				E9E5B9062860BB1800631E23 /* Assets.xcassets in Resources */,
				E9E2DB8528617E5600AC8273 /* Nunito-Black.ttf in Resources */,
				E9E2DB8828617E5600AC8273 /* Nunito-ExtraBold.ttf in Resources */,
			);
			runOnlyForDeploymentPostprocessing = 0;
		};
/* End PBXResourcesBuildPhase section */

/* Begin PBXSourcesBuildPhase section */
		E9E5B8F22860BB1700631E23 /* Sources */ = {
			isa = PBXSourcesBuildPhase;
			buildActionMask = 2147483647;
			files = (
				E95D29A028638F6100B76622 /* Router.swift in Sources */,
				E91AA6AF28621A2700EFFCC7 /* HomePresenter.swift in Sources */,
				E9E2DB712860C07000AC8273 /* HomeViewController.swift in Sources */,
				E91AA6C0286224D600EFFCC7 /* DateConverter.swift in Sources */,
				E92F1AA82862E17E00C58DA7 /* NotificationCenterExtension.swift in Sources */,
				E92F1AB7286328F000C58DA7 /* FavoriteDataSource.swift in Sources */,
				E95D29A928644BC800B76622 /* NewMO+CoreDataClass.swift in Sources */,
				E91AA6B128621A3000EFFCC7 /* HomeModel.swift in Sources */,
				E91AA6B328621A5300EFFCC7 /* HomeModuleAssembly.swift in Sources */,
				E92F1AAD28630C0100C58DA7 /* DetailModuleAssembly.swift in Sources */,
				E9E2DB7C286178BF00AC8273 /* Colors.swift in Sources */,
				E91AA6A42861D34A00EFFCC7 /* CustomTextView.swift in Sources */,
				E9E5B9122860BC5A00631E23 /* BaseViewController.swift in Sources */,
				E9E5B8FA2860BB1700631E23 /* AppDelegate.swift in Sources */,
				E9E2DB752860E60D00AC8273 /* CustomTextFiled.swift in Sources */,
				E91AA6BD2862210900EFFCC7 /* Category.swift in Sources */,
				E9E2DB8B28617ED900AC8273 /* AppFonts.swift in Sources */,
				E9E2DB9A2861BD0C00AC8273 /* HeaderView.swift in Sources */,
				E95D299A286380EA00B76622 /* FavoriteModel.swift in Sources */,
				E9E2DB8F286186B900AC8273 /* TableViewCell.swift in Sources */,
				E92F1AAF2863106000C58DA7 /* DetailModel.swift in Sources */,
				E9E2DB792860F30400AC8273 /* HorizontalFilterCollectionViewCell.swift in Sources */,
				E91AA6AA2862140100EFFCC7 /* NetworkService.swift in Sources */,
				E95D299C286386A400B76622 /* FavoritePresenter.swift in Sources */,
				E9E2DB932861AE0400AC8273 /* CustomTabBarController.swift in Sources */,
				E9E2DB982861BBF000AC8273 /* DetailView.swift in Sources */,
				E92F1AB4286327D800C58DA7 /* FavoriteViewController.swift in Sources */,
				E9E2DB9128618A0E00AC8273 /* Assets.swift in Sources */,
				E91AA6B828621E8300EFFCC7 /* DataBaseService.swift in Sources */,
				E9E2DB772860ECA700AC8273 /* HorizontalFilterCollectionView.swift in Sources */,
				E92F1AAB28630BF200C58DA7 /* DetailPresenter.swift in Sources */,
				E9E2DB732860C09600AC8273 /* CustomView.swift in Sources */,
				E91AA6C22862287600EFFCC7 /* HomeDataSource.swift in Sources */,
				E95D299328635E1800B76622 /* FileManagerService.swift in Sources */,
				E95D29AA28644BC800B76622 /* NewMO+CoreDataProperties.swift in Sources */,
				E91AA6A8286212B500EFFCC7 /* NewsDTO.swift in Sources */,
				E9E2DB962861BBD600AC8273 /* DetailViewController.swift in Sources */,
				E95D29A228638FE800B76622 /* FavoriteModuleAssembly.swift in Sources */,
				E9E5B9042860BB1700631E23 /* News_App.xcdatamodeld in Sources */,
				E9E5B8FC2860BB1700631E23 /* SceneDelegate.swift in Sources */,
			);
			runOnlyForDeploymentPostprocessing = 0;
		};
/* End PBXSourcesBuildPhase section */

/* Begin PBXVariantGroup section */
		E9E5B9072860BB1800631E23 /* LaunchScreen.storyboard */ = {
			isa = PBXVariantGroup;
			children = (
				E9E5B9082860BB1800631E23 /* Base */,
			);
			name = LaunchScreen.storyboard;
			sourceTree = "<group>";
		};
/* End PBXVariantGroup section */

/* Begin XCBuildConfiguration section */
		E9E5B90B2860BB1800631E23 /* Debug */ = {
			isa = XCBuildConfiguration;
			buildSettings = {
				ALWAYS_SEARCH_USER_PATHS = NO;
				CLANG_ANALYZER_NONNULL = YES;
				CLANG_ANALYZER_NUMBER_OBJECT_CONVERSION = YES_AGGRESSIVE;
				CLANG_CXX_LANGUAGE_STANDARD = "gnu++17";
				CLANG_ENABLE_MODULES = YES;
				CLANG_ENABLE_OBJC_ARC = YES;
				CLANG_ENABLE_OBJC_WEAK = YES;
				CLANG_WARN_BLOCK_CAPTURE_AUTORELEASING = YES;
				CLANG_WARN_BOOL_CONVERSION = YES;
				CLANG_WARN_COMMA = YES;
				CLANG_WARN_CONSTANT_CONVERSION = YES;
				CLANG_WARN_DEPRECATED_OBJC_IMPLEMENTATIONS = YES;
				CLANG_WARN_DIRECT_OBJC_ISA_USAGE = YES_ERROR;
				CLANG_WARN_DOCUMENTATION_COMMENTS = YES;
				CLANG_WARN_EMPTY_BODY = YES;
				CLANG_WARN_ENUM_CONVERSION = YES;
				CLANG_WARN_INFINITE_RECURSION = YES;
				CLANG_WARN_INT_CONVERSION = YES;
				CLANG_WARN_NON_LITERAL_NULL_CONVERSION = YES;
				CLANG_WARN_OBJC_IMPLICIT_RETAIN_SELF = YES;
				CLANG_WARN_OBJC_LITERAL_CONVERSION = YES;
				CLANG_WARN_OBJC_ROOT_CLASS = YES_ERROR;
				CLANG_WARN_QUOTED_INCLUDE_IN_FRAMEWORK_HEADER = YES;
				CLANG_WARN_RANGE_LOOP_ANALYSIS = YES;
				CLANG_WARN_STRICT_PROTOTYPES = YES;
				CLANG_WARN_SUSPICIOUS_MOVE = YES;
				CLANG_WARN_UNGUARDED_AVAILABILITY = YES_AGGRESSIVE;
				CLANG_WARN_UNREACHABLE_CODE = YES;
				CLANG_WARN__DUPLICATE_METHOD_MATCH = YES;
				COPY_PHASE_STRIP = NO;
				DEBUG_INFORMATION_FORMAT = dwarf;
				ENABLE_STRICT_OBJC_MSGSEND = YES;
				ENABLE_TESTABILITY = YES;
				GCC_C_LANGUAGE_STANDARD = gnu11;
				GCC_DYNAMIC_NO_PIC = NO;
				GCC_NO_COMMON_BLOCKS = YES;
				GCC_OPTIMIZATION_LEVEL = 0;
				GCC_PREPROCESSOR_DEFINITIONS = (
					"DEBUG=1",
					"$(inherited)",
				);
				GCC_WARN_64_TO_32_BIT_CONVERSION = YES;
				GCC_WARN_ABOUT_RETURN_TYPE = YES_ERROR;
				GCC_WARN_UNDECLARED_SELECTOR = YES;
				GCC_WARN_UNINITIALIZED_AUTOS = YES_AGGRESSIVE;
				GCC_WARN_UNUSED_FUNCTION = YES;
				GCC_WARN_UNUSED_VARIABLE = YES;
				IPHONEOS_DEPLOYMENT_TARGET = 15.5;
				MTL_ENABLE_DEBUG_INFO = INCLUDE_SOURCE;
				MTL_FAST_MATH = YES;
				ONLY_ACTIVE_ARCH = YES;
				SDKROOT = iphoneos;
				SWIFT_ACTIVE_COMPILATION_CONDITIONS = DEBUG;
				SWIFT_OPTIMIZATION_LEVEL = "-Onone";
			};
			name = Debug;
		};
		E9E5B90C2860BB1800631E23 /* Release */ = {
			isa = XCBuildConfiguration;
			buildSettings = {
				ALWAYS_SEARCH_USER_PATHS = NO;
				CLANG_ANALYZER_NONNULL = YES;
				CLANG_ANALYZER_NUMBER_OBJECT_CONVERSION = YES_AGGRESSIVE;
				CLANG_CXX_LANGUAGE_STANDARD = "gnu++17";
				CLANG_ENABLE_MODULES = YES;
				CLANG_ENABLE_OBJC_ARC = YES;
				CLANG_ENABLE_OBJC_WEAK = YES;
				CLANG_WARN_BLOCK_CAPTURE_AUTORELEASING = YES;
				CLANG_WARN_BOOL_CONVERSION = YES;
				CLANG_WARN_COMMA = YES;
				CLANG_WARN_CONSTANT_CONVERSION = YES;
				CLANG_WARN_DEPRECATED_OBJC_IMPLEMENTATIONS = YES;
				CLANG_WARN_DIRECT_OBJC_ISA_USAGE = YES_ERROR;
				CLANG_WARN_DOCUMENTATION_COMMENTS = YES;
				CLANG_WARN_EMPTY_BODY = YES;
				CLANG_WARN_ENUM_CONVERSION = YES;
				CLANG_WARN_INFINITE_RECURSION = YES;
				CLANG_WARN_INT_CONVERSION = YES;
				CLANG_WARN_NON_LITERAL_NULL_CONVERSION = YES;
				CLANG_WARN_OBJC_IMPLICIT_RETAIN_SELF = YES;
				CLANG_WARN_OBJC_LITERAL_CONVERSION = YES;
				CLANG_WARN_OBJC_ROOT_CLASS = YES_ERROR;
				CLANG_WARN_QUOTED_INCLUDE_IN_FRAMEWORK_HEADER = YES;
				CLANG_WARN_RANGE_LOOP_ANALYSIS = YES;
				CLANG_WARN_STRICT_PROTOTYPES = YES;
				CLANG_WARN_SUSPICIOUS_MOVE = YES;
				CLANG_WARN_UNGUARDED_AVAILABILITY = YES_AGGRESSIVE;
				CLANG_WARN_UNREACHABLE_CODE = YES;
				CLANG_WARN__DUPLICATE_METHOD_MATCH = YES;
				COPY_PHASE_STRIP = NO;
				DEBUG_INFORMATION_FORMAT = "dwarf-with-dsym";
				ENABLE_NS_ASSERTIONS = NO;
				ENABLE_STRICT_OBJC_MSGSEND = YES;
				GCC_C_LANGUAGE_STANDARD = gnu11;
				GCC_NO_COMMON_BLOCKS = YES;
				GCC_WARN_64_TO_32_BIT_CONVERSION = YES;
				GCC_WARN_ABOUT_RETURN_TYPE = YES_ERROR;
				GCC_WARN_UNDECLARED_SELECTOR = YES;
				GCC_WARN_UNINITIALIZED_AUTOS = YES_AGGRESSIVE;
				GCC_WARN_UNUSED_FUNCTION = YES;
				GCC_WARN_UNUSED_VARIABLE = YES;
				IPHONEOS_DEPLOYMENT_TARGET = 15.5;
				MTL_ENABLE_DEBUG_INFO = NO;
				MTL_FAST_MATH = YES;
				SDKROOT = iphoneos;
				SWIFT_COMPILATION_MODE = wholemodule;
				SWIFT_OPTIMIZATION_LEVEL = "-O";
				VALIDATE_PRODUCT = YES;
			};
			name = Release;
		};
		E9E5B90E2860BB1800631E23 /* Debug */ = {
			isa = XCBuildConfiguration;
			buildSettings = {
				ASSETCATALOG_COMPILER_APPICON_NAME = AppIcon;
				ASSETCATALOG_COMPILER_GLOBAL_ACCENT_COLOR_NAME = AccentColor;
				CODE_SIGN_STYLE = Automatic;
				CURRENT_PROJECT_VERSION = 1;
				DEVELOPMENT_TEAM = X8R67UCKH4;
				GENERATE_INFOPLIST_FILE = YES;
				INFOPLIST_FILE = "News App/Info.plist";
				INFOPLIST_KEY_CFBundleDisplayName = News;
				INFOPLIST_KEY_UIApplicationSupportsIndirectInputEvents = YES;
				INFOPLIST_KEY_UILaunchStoryboardName = LaunchScreen;
				INFOPLIST_KEY_UISupportedInterfaceOrientations = UIInterfaceOrientationPortrait;
				INFOPLIST_KEY_UISupportedInterfaceOrientations_iPad = "UIInterfaceOrientationPortrait UIInterfaceOrientationPortraitUpsideDown UIInterfaceOrientationLandscapeLeft UIInterfaceOrientationLandscapeRight";
				INFOPLIST_KEY_UISupportedInterfaceOrientations_iPhone = "UIInterfaceOrientationPortrait UIInterfaceOrientationLandscapeLeft UIInterfaceOrientationLandscapeRight";
				LD_RUNPATH_SEARCH_PATHS = (
					"$(inherited)",
					"@executable_path/Frameworks",
				);
				MARKETING_VERSION = 1.0;
				PRODUCT_BUNDLE_IDENTIFIER = "com.KhaibullinDA.News-App";
				PRODUCT_NAME = "$(TARGET_NAME)";
				SWIFT_EMIT_LOC_STRINGS = YES;
				SWIFT_VERSION = 5.0;
				TARGETED_DEVICE_FAMILY = 1;
			};
			name = Debug;
		};
		E9E5B90F2860BB1800631E23 /* Release */ = {
			isa = XCBuildConfiguration;
			buildSettings = {
				ASSETCATALOG_COMPILER_APPICON_NAME = AppIcon;
				ASSETCATALOG_COMPILER_GLOBAL_ACCENT_COLOR_NAME = AccentColor;
				CODE_SIGN_STYLE = Automatic;
				CURRENT_PROJECT_VERSION = 1;
				DEVELOPMENT_TEAM = X8R67UCKH4;
				GENERATE_INFOPLIST_FILE = YES;
				INFOPLIST_FILE = "News App/Info.plist";
				INFOPLIST_KEY_CFBundleDisplayName = News;
				INFOPLIST_KEY_UIApplicationSupportsIndirectInputEvents = YES;
				INFOPLIST_KEY_UILaunchStoryboardName = LaunchScreen;
				INFOPLIST_KEY_UISupportedInterfaceOrientations = UIInterfaceOrientationPortrait;
				INFOPLIST_KEY_UISupportedInterfaceOrientations_iPad = "UIInterfaceOrientationPortrait UIInterfaceOrientationPortraitUpsideDown UIInterfaceOrientationLandscapeLeft UIInterfaceOrientationLandscapeRight";
				INFOPLIST_KEY_UISupportedInterfaceOrientations_iPhone = "UIInterfaceOrientationPortrait UIInterfaceOrientationLandscapeLeft UIInterfaceOrientationLandscapeRight";
				LD_RUNPATH_SEARCH_PATHS = (
					"$(inherited)",
					"@executable_path/Frameworks",
				);
				MARKETING_VERSION = 1.0;
				PRODUCT_BUNDLE_IDENTIFIER = "com.KhaibullinDA.News-App";
				PRODUCT_NAME = "$(TARGET_NAME)";
				SWIFT_EMIT_LOC_STRINGS = YES;
				SWIFT_VERSION = 5.0;
				TARGETED_DEVICE_FAMILY = 1;
			};
			name = Release;
		};
/* End XCBuildConfiguration section */

/* Begin XCConfigurationList section */
		E9E5B8F12860BB1700631E23 /* Build configuration list for PBXProject "News App" */ = {
			isa = XCConfigurationList;
			buildConfigurations = (
				E9E5B90B2860BB1800631E23 /* Debug */,
				E9E5B90C2860BB1800631E23 /* Release */,
			);
			defaultConfigurationIsVisible = 0;
			defaultConfigurationName = Release;
		};
		E9E5B90D2860BB1800631E23 /* Build configuration list for PBXNativeTarget "News App" */ = {
			isa = XCConfigurationList;
			buildConfigurations = (
				E9E5B90E2860BB1800631E23 /* Debug */,
				E9E5B90F2860BB1800631E23 /* Release */,
			);
			defaultConfigurationIsVisible = 0;
			defaultConfigurationName = Release;
		};
/* End XCConfigurationList section */

/* Begin XCVersionGroup section */
		E9E5B9022860BB1700631E23 /* News_App.xcdatamodeld */ = {
			isa = XCVersionGroup;
			children = (
				E9E5B9032860BB1700631E23 /* News_App.xcdatamodel */,
			);
			currentVersion = E9E5B9032860BB1700631E23 /* News_App.xcdatamodel */;
			path = News_App.xcdatamodeld;
			sourceTree = "<group>";
			versionGroupType = wrapper.xcdatamodel;
		};
/* End XCVersionGroup section */
	};
	rootObject = E9E5B8EE2860BB1700631E23 /* Project object */;
}
